
Microsoft Visual Studio Solution File, Format Version 12.00
Project("{FAE04EC0-301F-11D3-BF4B-00C04F79EFBC}") = "BasicAspNetCore", "BasicAspNetCore\BasicAspNetCore.csproj", "{3BA82DF2-3874-4F47-8CAE-DC7238488427}"
EndProject
Global
	GlobalSection(SolutionConfigurationPlatforms) = preSolution
		Debug|Any CPU = Debug|Any CPU
		Release|Any CPU = Release|Any CPU
	EndGlobalSection
	GlobalSection(ProjectConfigurationPlatforms) = postSolution
		{3BA82DF2-3874-4F47-8CAE-DC7238488427}.Debug|Any CPU.ActiveCfg = Debug|Any CPU
		{3BA82DF2-3874-4F47-8CAE-DC7238488427}.Debug|Any CPU.Build.0 = Debug|Any CPU
		{3BA82DF2-3874-4F47-8CAE-DC7238488427}.Release|Any CPU.ActiveCfg = Release|Any CPU
		{3BA82DF2-3874-4F47-8CAE-DC7238488427}.Release|Any CPU.Build.0 = Release|Any CPU
	EndGlobalSection
EndGlobal
