
Microsoft Visual Studio Solution File, Format Version 12.00
Project("{FAE04EC0-301F-11D3-BF4B-00C04F79EFBC}") = "ConsoleSample", "ConsoleSample\ConsoleSample.csproj", "{4B898923-E171-4159-900E-16C77EF0B145}"
EndProject
Project("{2150E333-8FDC-42A3-9474-1A3956D46DE8}") = "AutoAPI", "AutoAPI", "{8AA78F97-2791-4158-8E3B-9E1E87F4A8A6}"
EndProject
Project("{FAE04EC0-301F-11D3-BF4B-00C04F79EFBC}") = "BookApplicationService", "AutoAPI\BookApplicationService\BookApplicationService.csproj", "{633E0740-BB94-4946-BE7B-F3B76BBC5335}"
EndProject
Project("{FAE04EC0-301F-11D3-BF4B-00C04F79EFBC}") = "Book.Api", "AutoAPI\Book.Api\Book.Api.csproj", "{72A12316-A2AF-41F4-BE70-4C0F15ACBFB0}"
EndProject
Project("{FAE04EC0-301F-11D3-BF4B-00C04F79EFBC}") = "AutofacDemo", "AutofacDemo\AutofacDemo.csproj", "{EACD6771-8E95-4C42-AAFA-592E2D394CA5}"
EndProject
Project("{FAE04EC0-301F-11D3-BF4B-00C04F79EFBC}") = "AuthorApplication.Contract", "AutoAPI\AuthorApplication.Contract\AuthorApplication.Contract.csproj", "{3046F21E-B603-4F5B-945B-5A57087CDCEE}"
EndProject
Project("{FAE04EC0-301F-11D3-BF4B-00C04F79EFBC}") = "AuthorApplicationService", "AutoAPI\AuthorApplicationService\AuthorApplicationService.csproj", "{0AF6CE4B-4D7D-4C3A-9F44-3E8C0838AF05}"
EndProject
Project("{FAE04EC0-301F-11D3-BF4B-00C04F79EFBC}") = "Author.Api", "AutoAPI\Author.Api\Author.Api.csproj", "{5C74684C-CF5E-4CFD-90BD-0EB4901A3E6D}"
EndProject
Global
	GlobalSection(SolutionConfigurationPlatforms) = preSolution
		Debug|Any CPU = Debug|Any CPU
		Release|Any CPU = Release|Any CPU
	EndGlobalSection
	GlobalSection(ProjectConfigurationPlatforms) = postSolution
		{4B898923-E171-4159-900E-16C77EF0B145}.Debug|Any CPU.ActiveCfg = Debug|Any CPU
		{4B898923-E171-4159-900E-16C77EF0B145}.Debug|Any CPU.Build.0 = Debug|Any CPU
		{4B898923-E171-4159-900E-16C77EF0B145}.Release|Any CPU.ActiveCfg = Release|Any CPU
		{4B898923-E171-4159-900E-16C77EF0B145}.Release|Any CPU.Build.0 = Release|Any CPU
		{633E0740-BB94-4946-BE7B-F3B76BBC5335}.Debug|Any CPU.ActiveCfg = Debug|Any CPU
		{633E0740-BB94-4946-BE7B-F3B76BBC5335}.Debug|Any CPU.Build.0 = Debug|Any CPU
		{633E0740-BB94-4946-BE7B-F3B76BBC5335}.Release|Any CPU.ActiveCfg = Release|Any CPU
		{633E0740-BB94-4946-BE7B-F3B76BBC5335}.Release|Any CPU.Build.0 = Release|Any CPU
		{72A12316-A2AF-41F4-BE70-4C0F15ACBFB0}.Debug|Any CPU.ActiveCfg = Debug|Any CPU
		{72A12316-A2AF-41F4-BE70-4C0F15ACBFB0}.Debug|Any CPU.Build.0 = Debug|Any CPU
		{72A12316-A2AF-41F4-BE70-4C0F15ACBFB0}.Release|Any CPU.ActiveCfg = Release|Any CPU
		{72A12316-A2AF-41F4-BE70-4C0F15ACBFB0}.Release|Any CPU.Build.0 = Release|Any CPU
		{EACD6771-8E95-4C42-AAFA-592E2D394CA5}.Debug|Any CPU.ActiveCfg = Debug|Any CPU
		{EACD6771-8E95-4C42-AAFA-592E2D394CA5}.Debug|Any CPU.Build.0 = Debug|Any CPU
		{EACD6771-8E95-4C42-AAFA-592E2D394CA5}.Release|Any CPU.ActiveCfg = Release|Any CPU
		{EACD6771-8E95-4C42-AAFA-592E2D394CA5}.Release|Any CPU.Build.0 = Release|Any CPU
		{3046F21E-B603-4F5B-945B-5A57087CDCEE}.Debug|Any CPU.ActiveCfg = Debug|Any CPU
		{3046F21E-B603-4F5B-945B-5A57087CDCEE}.Debug|Any CPU.Build.0 = Debug|Any CPU
		{3046F21E-B603-4F5B-945B-5A57087CDCEE}.Release|Any CPU.ActiveCfg = Release|Any CPU
		{3046F21E-B603-4F5B-945B-5A57087CDCEE}.Release|Any CPU.Build.0 = Release|Any CPU
		{0AF6CE4B-4D7D-4C3A-9F44-3E8C0838AF05}.Debug|Any CPU.ActiveCfg = Debug|Any CPU
		{0AF6CE4B-4D7D-4C3A-9F44-3E8C0838AF05}.Debug|Any CPU.Build.0 = Debug|Any CPU
		{0AF6CE4B-4D7D-4C3A-9F44-3E8C0838AF05}.Release|Any CPU.ActiveCfg = Release|Any CPU
		{0AF6CE4B-4D7D-4C3A-9F44-3E8C0838AF05}.Release|Any CPU.Build.0 = Release|Any CPU
		{5C74684C-CF5E-4CFD-90BD-0EB4901A3E6D}.Debug|Any CPU.ActiveCfg = Debug|Any CPU
		{5C74684C-CF5E-4CFD-90BD-0EB4901A3E6D}.Debug|Any CPU.Build.0 = Debug|Any CPU
		{5C74684C-CF5E-4CFD-90BD-0EB4901A3E6D}.Release|Any CPU.ActiveCfg = Release|Any CPU
		{5C74684C-CF5E-4CFD-90BD-0EB4901A3E6D}.Release|Any CPU.Build.0 = Release|Any CPU
	EndGlobalSection
	GlobalSection(NestedProjects) = preSolution
		{633E0740-BB94-4946-BE7B-F3B76BBC5335} = {8AA78F97-2791-4158-8E3B-9E1E87F4A8A6}
		{72A12316-A2AF-41F4-BE70-4C0F15ACBFB0} = {8AA78F97-2791-4158-8E3B-9E1E87F4A8A6}
		{3046F21E-B603-4F5B-945B-5A57087CDCEE} = {8AA78F97-2791-4158-8E3B-9E1E87F4A8A6}
		{0AF6CE4B-4D7D-4C3A-9F44-3E8C0838AF05} = {8AA78F97-2791-4158-8E3B-9E1E87F4A8A6}
		{5C74684C-CF5E-4CFD-90BD-0EB4901A3E6D} = {8AA78F97-2791-4158-8E3B-9E1E87F4A8A6}
	EndGlobalSection
EndGlobal
